
Microsoft Visual Studio Solution File, Format Version 12.00
# Visual Studio Version 17
VisualStudioVersion = 17.6.33815.320
MinimumVisualStudioVersion = 10.0.40219.1
Project("{FAE04EC0-301F-11D3-BF4B-00C04F79EFBC}") = "AjaxHomework", "AjaxHomework.csproj", "{943A123D-F5FE-412D-9F7A-BB4B32334900}"
EndProject
Global
	GlobalSection(SolutionConfigurationPlatforms) = preSolution
		Debug|Any CPU = Debug|Any CPU
		Release|Any CPU = Release|Any CPU
	EndGlobalSection
	GlobalSection(ProjectConfigurationPlatforms) = postSolution
		{943A123D-F5FE-412D-9F7A-BB4B32334900}.Debug|Any CPU.ActiveCfg = Debug|Any CPU
		{943A123D-F5FE-412D-9F7A-BB4B32334900}.Debug|Any CPU.Build.0 = Debug|Any CPU
		{943A123D-F5FE-412D-9F7A-BB4B32334900}.Release|Any CPU.ActiveCfg = Release|Any CPU
		{943A123D-F5FE-412D-9F7A-BB4B32334900}.Release|Any CPU.Build.0 = Release|Any CPU
	EndGlobalSection
	GlobalSection(SolutionProperties) = preSolution
		HideSolutionNode = FALSE
	EndGlobalSection
	GlobalSection(ExtensibilityGlobals) = postSolution
		SolutionGuid = {65E35402-FBD4-49B1-8BBE-81FA9D4F9591}
	EndGlobalSection
EndGlobal
